
Microsoft Visual Studio Solution File, Format Version 12.00
# Visual Studio Version 17
VisualStudioVersion = 17.0.31912.275
MinimumVisualStudioVersion = 10.0.40219.1
Project("{FAE04EC0-301F-11D3-BF4B-00C04F79EFBC}") = "kehuduan", "kehuduan\kehuduan.csproj", "{1A859646-466A-4ADD-8DD1-C5CF1863A89F}"
EndProject
Global
	GlobalSection(SolutionConfigurationPlatforms) = preSolution
		Debug|Any CPU = Debug|Any CPU
		Release|Any CPU = Release|Any CPU
	EndGlobalSection
	GlobalSection(ProjectConfigurationPlatforms) = postSolution
		{1A859646-466A-4ADD-8DD1-C5CF1863A89F}.Debug|Any CPU.ActiveCfg = Debug|Any CPU
		{1A859646-466A-4ADD-8DD1-C5CF1863A89F}.Debug|Any CPU.Build.0 = Debug|Any CPU
		{1A859646-466A-4ADD-8DD1-C5CF1863A89F}.Release|Any CPU.ActiveCfg = Release|Any CPU
		{1A859646-466A-4ADD-8DD1-C5CF1863A89F}.Release|Any CPU.Build.0 = Release|Any CPU
	EndGlobalSection
	GlobalSection(SolutionProperties) = preSolution
		HideSolutionNode = FALSE
	EndGlobalSection
	GlobalSection(ExtensibilityGlobals) = postSolution
		SolutionGuid = {13576F07-EB68-4B1E-8E80-612A4D418E83}
	EndGlobalSection
EndGlobal
